{
  "version": 4,
  "terraform_version": "1.11.4",
  "serial": 11,
  "lineage": "85f63312-b5e8-0337-c97f-94f610480c0c",
  "outputs": {
    "api_gateway_url": {
      "value": "arn:aws:execute-api:ap-south-1:443381298893:pm8kfe3k58/prod",
      "type": "string"
    },
    "lambda_function_name": {
      "value": null,
      "type": "string"
    }
  },
  "resources": [
    {
      "mode": "managed",
      "type": "aws_api_gateway_method",
      "name": "default_method",
      "provider": "provider[\"registry.terraform.io/hashicorp/aws\"]",
      "instances": [
        {
          "schema_version": 0,
          "attributes": {
            "api_key_required": false,
            "authorization": "NONE",
            "authorization_scopes": null,
            "authorizer_id": null,
            "http_method": "ANY",
            "id": "agm-pm8kfe3k58-lbno9y-ANY",
            "operation_name": null,
            "request_models": null,
            "request_parameters": null,
            "request_validator_id": null,
            "resource_id": "lbno9y",
            "rest_api_id": "pm8kfe3k58"
          },
          "sensitive_attributes": [],
          "private": "bnVsbA==",
          "dependencies": [
            "aws_api_gateway_resource.default_resource",
            "aws_api_gateway_rest_api.rest_api"
          ]
        }
      ]
    },
    {
      "mode": "managed",
      "type": "aws_api_gateway_resource",
      "name": "default_resource",
      "provider": "provider[\"registry.terraform.io/hashicorp/aws\"]",
      "instances": [
        {
          "schema_version": 0,
          "attributes": {
            "id": "lbno9y",
            "parent_id": "6odgucnq11",
            "path": "/{proxy+}",
            "path_part": "{proxy+}",
            "rest_api_id": "pm8kfe3k58"
          },
          "sensitive_attributes": [],
          "private": "bnVsbA==",
          "dependencies": [
            "aws_api_gateway_rest_api.rest_api"
          ]
        }
      ]
    },
    {
      "mode": "managed",
      "type": "aws_api_gateway_rest_api",
      "name": "rest_api",
      "provider": "provider[\"registry.terraform.io/hashicorp/aws\"]",
      "instances": [
        {
          "schema_version": 0,
          "attributes": {
            "api_key_source": "HEADER",
            "arn": "arn:aws:apigateway:ap-south-1::/restapis/pm8kfe3k58",
            "binary_media_types": [],
            "body": null,
            "created_date": "2025-05-22T10:44:02Z",
            "description": "API Gateway REST API for Spring Boot Lambda",
            "disable_execute_api_endpoint": false,
            "endpoint_configuration": [
              {
                "ip_address_type": "ipv4",
                "types": [
                  "EDGE"
                ],
                "vpc_endpoint_ids": []
              }
            ],
            "execution_arn": "arn:aws:execute-api:ap-south-1:443381298893:pm8kfe3k58",
            "fail_on_warnings": null,
            "id": "pm8kfe3k58",
            "minimum_compression_size": "",
            "name": "springboot-api",
            "parameters": null,
            "policy": "",
            "put_rest_api_mode": null,
            "root_resource_id": "6odgucnq11",
            "tags": null,
            "tags_all": {}
          },
          "sensitive_attributes": [],
          "private": "bnVsbA=="
        }
      ]
    },
    {
      "mode": "managed",
      "type": "aws_iam_role",
      "name": "lambda_exec",
      "provider": "provider[\"registry.terraform.io/hashicorp/aws\"]",
      "instances": [
        {
          "schema_version": 0,
          "attributes": {
            "arn": "arn:aws:iam::443381298893:role/springboot_lambda_exec",
            "assume_role_policy": "{\"Statement\":[{\"Action\":\"sts:AssumeRole\",\"Effect\":\"Allow\",\"Principal\":{\"Service\":\"lambda.amazonaws.com\"}}],\"Version\":\"2012-10-17\"}",
            "create_date": "2025-05-22T08:05:52Z",
            "description": "",
            "force_detach_policies": false,
            "id": "springboot_lambda_exec",
            "inline_policy": [],
            "managed_policy_arns": [
              "arn:aws:iam::aws:policy/AmazonS3FullAccess",
              "arn:aws:iam::aws:policy/service-role/AWSLambdaBasicExecutionRole"
            ],
            "max_session_duration": 3600,
            "name": "springboot_lambda_exec",
            "name_prefix": "",
            "path": "/",
            "permissions_boundary": "",
            "tags": {},
            "tags_all": {},
            "unique_id": "AROAWOO4VW3GW3T6RMDGJ"
          },
          "sensitive_attributes": [],
          "private": "eyJzY2hlbWFfdmVyc2lvbiI6IjAifQ=="
        }
      ]
    }
  ],
  "check_results": null
}
